
Microsoft Visual Studio Solution File, Format Version 12.00
# Visual Studio Version 16
VisualStudioVersion = 16.0.30907.101
MinimumVisualStudioVersion = 10.0.40219.1
Project("{FAE04EC0-301F-11D3-BF4B-00C04F79EFBC}") = "KartikSeleniumNunitCore", "KartikSeleniumNunitCore\KartikSeleniumNunitCore.csproj", "{B3F51518-7AE6-49ED-A864-117CBF109744}"
EndProject
Global
	GlobalSection(SolutionConfigurationPlatforms) = preSolution
		Debug|Any CPU = Debug|Any CPU
		Release|Any CPU = Release|Any CPU
	EndGlobalSection
	GlobalSection(ProjectConfigurationPlatforms) = postSolution
		{B3F51518-7AE6-49ED-A864-117CBF109744}.Debug|Any CPU.ActiveCfg = Debug|Any CPU
		{B3F51518-7AE6-49ED-A864-117CBF109744}.Debug|Any CPU.Build.0 = Debug|Any CPU
		{B3F51518-7AE6-49ED-A864-117CBF109744}.Release|Any CPU.ActiveCfg = Release|Any CPU
		{B3F51518-7AE6-49ED-A864-117CBF109744}.Release|Any CPU.Build.0 = Release|Any CPU
	EndGlobalSection
	GlobalSection(SolutionProperties) = preSolution
		HideSolutionNode = FALSE
	EndGlobalSection
	GlobalSection(ExtensibilityGlobals) = postSolution
		SolutionGuid = {4F5832EC-717D-4F9A-95D9-B110AA9B7FEE}
	EndGlobalSection
EndGlobal
